
Microsoft Visual Studio Solution File, Format Version 12.00
# Visual Studio 15
VisualStudioVersion = 15.0.28307.421
MinimumVisualStudioVersion = 10.0.40219.1
Project("{FAE04EC0-301F-11D3-BF4B-00C04F79EFBC}") = "Nhom8", "Nhom8\Nhom8.csproj", "{67388AEA-68B4-4ABD-9359-2E7E7FE01C71}"
EndProject
Global
	GlobalSection(SolutionConfigurationPlatforms) = preSolution
		Debug|Any CPU = Debug|Any CPU
		Release|Any CPU = Release|Any CPU
	EndGlobalSection
	GlobalSection(ProjectConfigurationPlatforms) = postSolution
		{67388AEA-68B4-4ABD-9359-2E7E7FE01C71}.Debug|Any CPU.ActiveCfg = Debug|Any CPU
		{67388AEA-68B4-4ABD-9359-2E7E7FE01C71}.Debug|Any CPU.Build.0 = Debug|Any CPU
		{67388AEA-68B4-4ABD-9359-2E7E7FE01C71}.Release|Any CPU.ActiveCfg = Release|Any CPU
		{67388AEA-68B4-4ABD-9359-2E7E7FE01C71}.Release|Any CPU.Build.0 = Release|Any CPU
	EndGlobalSection
	GlobalSection(SolutionProperties) = preSolution
		HideSolutionNode = FALSE
	EndGlobalSection
	GlobalSection(ExtensibilityGlobals) = postSolution
		SolutionGuid = {F6B5808B-A71D-4F49-8C71-2FF787C73635}
	EndGlobalSection
EndGlobal
